
Microsoft Visual Studio Solution File, Format Version 12.00
# Visual Studio Version 17
VisualStudioVersion = 17.7.34024.191
MinimumVisualStudioVersion = 10.0.40219.1
Project("{9A19103F-16F7-4668-BE54-9A1E7A4F7556}") = "BubleSort", "Buble Sort\BubleSort.csproj", "{A1C16B2F-2235-4152-B84E-5BACC396F1DA}"
EndProject
Project("{9A19103F-16F7-4668-BE54-9A1E7A4F7556}") = "SelectionSort", "SelectionSort\SelectionSort.csproj", "{336B90A5-163C-40FD-941F-BED6D285655A}"
EndProject
Project("{FAE04EC0-301F-11D3-BF4B-00C04F79EFBC}") = "InsertionSort", "InsertionSort\InsertionSort.csproj", "{B985C98C-79B8-4608-BC4D-0B8A8EF37C72}"
EndProject
Global
	GlobalSection(SolutionConfigurationPlatforms) = preSolution
		Debug|Any CPU = Debug|Any CPU
		Release|Any CPU = Release|Any CPU
	EndGlobalSection
	GlobalSection(ProjectConfigurationPlatforms) = postSolution
		{A1C16B2F-2235-4152-B84E-5BACC396F1DA}.Debug|Any CPU.ActiveCfg = Debug|Any CPU
		{A1C16B2F-2235-4152-B84E-5BACC396F1DA}.Debug|Any CPU.Build.0 = Debug|Any CPU
		{A1C16B2F-2235-4152-B84E-5BACC396F1DA}.Release|Any CPU.ActiveCfg = Release|Any CPU
		{A1C16B2F-2235-4152-B84E-5BACC396F1DA}.Release|Any CPU.Build.0 = Release|Any CPU
		{336B90A5-163C-40FD-941F-BED6D285655A}.Debug|Any CPU.ActiveCfg = Debug|Any CPU
		{336B90A5-163C-40FD-941F-BED6D285655A}.Debug|Any CPU.Build.0 = Debug|Any CPU
		{336B90A5-163C-40FD-941F-BED6D285655A}.Release|Any CPU.ActiveCfg = Release|Any CPU
		{336B90A5-163C-40FD-941F-BED6D285655A}.Release|Any CPU.Build.0 = Release|Any CPU
		{B985C98C-79B8-4608-BC4D-0B8A8EF37C72}.Debug|Any CPU.ActiveCfg = Debug|Any CPU
		{B985C98C-79B8-4608-BC4D-0B8A8EF37C72}.Debug|Any CPU.Build.0 = Debug|Any CPU
		{B985C98C-79B8-4608-BC4D-0B8A8EF37C72}.Release|Any CPU.ActiveCfg = Release|Any CPU
		{B985C98C-79B8-4608-BC4D-0B8A8EF37C72}.Release|Any CPU.Build.0 = Release|Any CPU
	EndGlobalSection
	GlobalSection(SolutionProperties) = preSolution
		HideSolutionNode = FALSE
	EndGlobalSection
	GlobalSection(ExtensibilityGlobals) = postSolution
		SolutionGuid = {198DD755-90A2-4B67-A8FE-21FFE859A62A}
	EndGlobalSection
EndGlobal
