
Microsoft Visual Studio Solution File, Format Version 12.00
# Visual Studio Version 17
VisualStudioVersion = 17.7.34024.191
MinimumVisualStudioVersion = 10.0.40219.1
Project("{9A19103F-16F7-4668-BE54-9A1E7A4F7556}") = "Queue", "QueueReverse\Queue.csproj", "{DA97E4AD-D6AA-4B05-A617-27EF41F737A1}"
EndProject
Project("{FAE04EC0-301F-11D3-BF4B-00C04F79EFBC}") = "FindFirstNonRepeatingCharacter", "FindFirstNonRepeatingCharacter\FindFirstNonRepeatingCharacter.csproj", "{F18983C2-E46A-4E7A-8B20-4C37EE5C0227}"
EndProject
Global
	GlobalSection(SolutionConfigurationPlatforms) = preSolution
		Debug|Any CPU = Debug|Any CPU
		Release|Any CPU = Release|Any CPU
	EndGlobalSection
	GlobalSection(ProjectConfigurationPlatforms) = postSolution
		{DA97E4AD-D6AA-4B05-A617-27EF41F737A1}.Debug|Any CPU.ActiveCfg = Debug|Any CPU
		{DA97E4AD-D6AA-4B05-A617-27EF41F737A1}.Debug|Any CPU.Build.0 = Debug|Any CPU
		{DA97E4AD-D6AA-4B05-A617-27EF41F737A1}.Release|Any CPU.ActiveCfg = Release|Any CPU
		{DA97E4AD-D6AA-4B05-A617-27EF41F737A1}.Release|Any CPU.Build.0 = Release|Any CPU
		{F18983C2-E46A-4E7A-8B20-4C37EE5C0227}.Debug|Any CPU.ActiveCfg = Debug|Any CPU
		{F18983C2-E46A-4E7A-8B20-4C37EE5C0227}.Debug|Any CPU.Build.0 = Debug|Any CPU
		{F18983C2-E46A-4E7A-8B20-4C37EE5C0227}.Release|Any CPU.ActiveCfg = Release|Any CPU
		{F18983C2-E46A-4E7A-8B20-4C37EE5C0227}.Release|Any CPU.Build.0 = Release|Any CPU
	EndGlobalSection
	GlobalSection(SolutionProperties) = preSolution
		HideSolutionNode = FALSE
	EndGlobalSection
	GlobalSection(ExtensibilityGlobals) = postSolution
		SolutionGuid = {CA78036F-4591-42CD-9F63-695A8B4C6C01}
	EndGlobalSection
EndGlobal
