
Microsoft Visual Studio Solution File, Format Version 12.00
# Visual Studio Version 17
VisualStudioVersion = 17.10.34928.147
MinimumVisualStudioVersion = 10.0.40219.1
Project("{E24C65DC-7377-472B-9ABA-BC803B73C61A}") = "Test", "Test\", "{86E731D2-0476-4621-8904-CF214CB3C154}"
	ProjectSection(WebsiteProperties) = preProject
		TargetFrameworkMoniker = ".NETFramework,Version%3Dv4.8"
		Debug.AspNetCompiler.VirtualPath = "/localhost_59531"
		Debug.AspNetCompiler.PhysicalPath = "Test\"
		Debug.AspNetCompiler.TargetPath = "PrecompiledWeb\localhost_59531\"
		Debug.AspNetCompiler.Updateable = "true"
		Debug.AspNetCompiler.ForceOverwrite = "true"
		Debug.AspNetCompiler.FixedNames = "false"
		Debug.AspNetCompiler.Debug = "True"
		Release.AspNetCompiler.VirtualPath = "/localhost_59531"
		Release.AspNetCompiler.PhysicalPath = "Test\"
		Release.AspNetCompiler.TargetPath = "PrecompiledWeb\localhost_59531\"
		Release.AspNetCompiler.Updateable = "true"
		Release.AspNetCompiler.ForceOverwrite = "true"
		Release.AspNetCompiler.FixedNames = "false"
		Release.AspNetCompiler.Debug = "False"
		VWDPort = "59531"
		SlnRelativePath = "Test\"
		DefaultWebSiteLanguage = "Visual C#"
	EndProjectSection
EndProject
Project("{FAE04EC0-301F-11D3-BF4B-00C04F79EFBC}") = "WebFormApp", "WebFormApp\WebFormApp.csproj", "{9A1AA5BD-CA4A-4F91-B89A-C800DA98CE6F}"
EndProject
Global
	GlobalSection(SolutionConfigurationPlatforms) = preSolution
		Debug|Any CPU = Debug|Any CPU
		Release|Any CPU = Release|Any CPU
	EndGlobalSection
	GlobalSection(ProjectConfigurationPlatforms) = postSolution
		{86E731D2-0476-4621-8904-CF214CB3C154}.Debug|Any CPU.ActiveCfg = Debug|Any CPU
		{86E731D2-0476-4621-8904-CF214CB3C154}.Debug|Any CPU.Build.0 = Debug|Any CPU
		{86E731D2-0476-4621-8904-CF214CB3C154}.Release|Any CPU.ActiveCfg = Debug|Any CPU
		{86E731D2-0476-4621-8904-CF214CB3C154}.Release|Any CPU.Build.0 = Debug|Any CPU
		{9A1AA5BD-CA4A-4F91-B89A-C800DA98CE6F}.Debug|Any CPU.ActiveCfg = Debug|Any CPU
		{9A1AA5BD-CA4A-4F91-B89A-C800DA98CE6F}.Debug|Any CPU.Build.0 = Debug|Any CPU
		{9A1AA5BD-CA4A-4F91-B89A-C800DA98CE6F}.Release|Any CPU.ActiveCfg = Release|Any CPU
		{9A1AA5BD-CA4A-4F91-B89A-C800DA98CE6F}.Release|Any CPU.Build.0 = Release|Any CPU
	EndGlobalSection
	GlobalSection(SolutionProperties) = preSolution
		HideSolutionNode = FALSE
	EndGlobalSection
	GlobalSection(ExtensibilityGlobals) = postSolution
		SolutionGuid = {675E5826-0913-4FAC-BA53-C0670673609F}
	EndGlobalSection
EndGlobal
